// !$*UTF8*$!
{
	archiveVersion = 1;
	classes = {
	};
	objectVersion = 51;
	objects = {

/* Begin PBXBuildFile section */
		9FF2D2B3D1586593FBBD4C46 /* Pods_JourneyPlan_JourneyPlanUITests.framework in Frameworks */ = {isa = PBXBuildFile; fileRef = 5BBA81121403FD4415534222 /* Pods_JourneyPlan_JourneyPlanUITests.framework */; };
		BA06032624CBDA8F00459A49 /* AppDelegate.swift in Sources */ = {isa = PBXBuildFile; fileRef = BA06032524CBDA8F00459A49 /* AppDelegate.swift */; };
		BA06032824CBDA8F00459A49 /* SceneDelegate.swift in Sources */ = {isa = PBXBuildFile; fileRef = BA06032724CBDA8F00459A49 /* SceneDelegate.swift */; };
		BA06032A24CBDA8F00459A49 /* ViewController.swift in Sources */ = {isa = PBXBuildFile; fileRef = BA06032924CBDA8F00459A49 /* ViewController.swift */; };
		BA06032D24CBDA8F00459A49 /* Main.storyboard in Resources */ = {isa = PBXBuildFile; fileRef = BA06032B24CBDA8F00459A49 /* Main.storyboard */; };
		BA06032F24CBDA9000459A49 /* Assets.xcassets in Resources */ = {isa = PBXBuildFile; fileRef = BA06032E24CBDA9000459A49 /* Assets.xcassets */; };
		BA06033224CBDA9000459A49 /* LaunchScreen.storyboard in Resources */ = {isa = PBXBuildFile; fileRef = BA06033024CBDA9000459A49 /* LaunchScreen.storyboard */; };
		BA06033D24CBDA9100459A49 /* JourneyPlanTests.swift in Sources */ = {isa = PBXBuildFile; fileRef = BA06033C24CBDA9100459A49 /* JourneyPlanTests.swift */; };
		BA06034824CBDA9100459A49 /* JourneyPlanUITests.swift in Sources */ = {isa = PBXBuildFile; fileRef = BA06034724CBDA9100459A49 /* JourneyPlanUITests.swift */; };
		BA06035624CBEEB300459A49 /* LocationTableCell.swift in Sources */ = {isa = PBXBuildFile; fileRef = BA06035524CBEEB300459A49 /* LocationTableCell.swift */; };
		BA06035824CBEEBC00459A49 /* LocationTableCell.xib in Resources */ = {isa = PBXBuildFile; fileRef = BA06035724CBEEBC00459A49 /* LocationTableCell.xib */; };
		BA06035A24CBEEDC00459A49 /* MainViewModel.swift in Sources */ = {isa = PBXBuildFile; fileRef = BA06035924CBEEDC00459A49 /* MainViewModel.swift */; };
		BA06035C24CBF15300459A49 /* Location.swift in Sources */ = {isa = PBXBuildFile; fileRef = BA06035B24CBF15300459A49 /* Location.swift */; };
		BA06035E24D2915500459A49 /* GoogleCloudNLPAPI.swift in Sources */ = {isa = PBXBuildFile; fileRef = BA06035D24D2915500459A49 /* GoogleCloudNLPAPI.swift */; };
		BA06036024D298E800459A49 /* Response.swift in Sources */ = {isa = PBXBuildFile; fileRef = BA06035F24D298E800459A49 /* Response.swift */; };
		BA06036224D6509400459A49 /* APIKey.swift in Sources */ = {isa = PBXBuildFile; fileRef = BA06036124D6509400459A49 /* APIKey.swift */; };
		CD8311263896B8E569FC6D76 /* Pods_JourneyPlan.framework in Frameworks */ = {isa = PBXBuildFile; fileRef = 3003E302A5FFC8BCF2B0126E /* Pods_JourneyPlan.framework */; };
		EC817956DE1700F4D686ACB9 /* Pods_JourneyPlanTests.framework in Frameworks */ = {isa = PBXBuildFile; fileRef = 14C747F37D13F4C373B83A57 /* Pods_JourneyPlanTests.framework */; };
/* End PBXBuildFile section */

/* Begin PBXContainerItemProxy section */
		BA06033924CBDA9100459A49 /* PBXContainerItemProxy */ = {
			isa = PBXContainerItemProxy;
			containerPortal = BA06031A24CBDA8F00459A49 /* Project object */;
			proxyType = 1;
			remoteGlobalIDString = BA06032124CBDA8F00459A49;
			remoteInfo = JourneyPlan;
		};
		BA06034424CBDA9100459A49 /* PBXContainerItemProxy */ = {
			isa = PBXContainerItemProxy;
			containerPortal = BA06031A24CBDA8F00459A49 /* Project object */;
			proxyType = 1;
			remoteGlobalIDString = BA06032124CBDA8F00459A49;
			remoteInfo = JourneyPlan;
		};
/* End PBXContainerItemProxy section */

/* Begin PBXFileReference section */
		0678B37CDC7BA83120E05AB3 /* Pods-JourneyPlanTests.debug.xcconfig */ = {isa = PBXFileReference; includeInIndex = 1; lastKnownFileType = text.xcconfig; name = "Pods-JourneyPlanTests.debug.xcconfig"; path = "Target Support Files/Pods-JourneyPlanTests/Pods-JourneyPlanTests.debug.xcconfig"; sourceTree = "<group>"; };
		0C2243A66A60F2420F428F6F /* Pods-JourneyPlan.release.xcconfig */ = {isa = PBXFileReference; includeInIndex = 1; lastKnownFileType = text.xcconfig; name = "Pods-JourneyPlan.release.xcconfig"; path = "Target Support Files/Pods-JourneyPlan/Pods-JourneyPlan.release.xcconfig"; sourceTree = "<group>"; };
		14C747F37D13F4C373B83A57 /* Pods_JourneyPlanTests.framework */ = {isa = PBXFileReference; explicitFileType = wrapper.framework; includeInIndex = 0; path = Pods_JourneyPlanTests.framework; sourceTree = BUILT_PRODUCTS_DIR; };
		3003E302A5FFC8BCF2B0126E /* Pods_JourneyPlan.framework */ = {isa = PBXFileReference; explicitFileType = wrapper.framework; includeInIndex = 0; path = Pods_JourneyPlan.framework; sourceTree = BUILT_PRODUCTS_DIR; };
		5BBA81121403FD4415534222 /* Pods_JourneyPlan_JourneyPlanUITests.framework */ = {isa = PBXFileReference; explicitFileType = wrapper.framework; includeInIndex = 0; path = Pods_JourneyPlan_JourneyPlanUITests.framework; sourceTree = BUILT_PRODUCTS_DIR; };
		6026ECD7D461C5BA965D02B5 /* Pods-JourneyPlanTests.release.xcconfig */ = {isa = PBXFileReference; includeInIndex = 1; lastKnownFileType = text.xcconfig; name = "Pods-JourneyPlanTests.release.xcconfig"; path = "Target Support Files/Pods-JourneyPlanTests/Pods-JourneyPlanTests.release.xcconfig"; sourceTree = "<group>"; };
		BA06032224CBDA8F00459A49 /* JourneyPlan.app */ = {isa = PBXFileReference; explicitFileType = wrapper.application; includeInIndex = 0; path = JourneyPlan.app; sourceTree = BUILT_PRODUCTS_DIR; };
		BA06032524CBDA8F00459A49 /* AppDelegate.swift */ = {isa = PBXFileReference; lastKnownFileType = sourcecode.swift; path = AppDelegate.swift; sourceTree = "<group>"; };
		BA06032724CBDA8F00459A49 /* SceneDelegate.swift */ = {isa = PBXFileReference; lastKnownFileType = sourcecode.swift; path = SceneDelegate.swift; sourceTree = "<group>"; };
		BA06032924CBDA8F00459A49 /* ViewController.swift */ = {isa = PBXFileReference; lastKnownFileType = sourcecode.swift; path = ViewController.swift; sourceTree = "<group>"; };
		BA06032C24CBDA8F00459A49 /* Base */ = {isa = PBXFileReference; lastKnownFileType = file.storyboard; name = Base; path = Base.lproj/Main.storyboard; sourceTree = "<group>"; };
		BA06032E24CBDA9000459A49 /* Assets.xcassets */ = {isa = PBXFileReference; lastKnownFileType = folder.assetcatalog; path = Assets.xcassets; sourceTree = "<group>"; };
		BA06033124CBDA9000459A49 /* Base */ = {isa = PBXFileReference; lastKnownFileType = file.storyboard; name = Base; path = Base.lproj/LaunchScreen.storyboard; sourceTree = "<group>"; };
		BA06033324CBDA9000459A49 /* Info.plist */ = {isa = PBXFileReference; lastKnownFileType = text.plist.xml; path = Info.plist; sourceTree = "<group>"; };
		BA06033824CBDA9100459A49 /* JourneyPlanTests.xctest */ = {isa = PBXFileReference; explicitFileType = wrapper.cfbundle; includeInIndex = 0; path = JourneyPlanTests.xctest; sourceTree = BUILT_PRODUCTS_DIR; };
		BA06033C24CBDA9100459A49 /* JourneyPlanTests.swift */ = {isa = PBXFileReference; lastKnownFileType = sourcecode.swift; path = JourneyPlanTests.swift; sourceTree = "<group>"; };
		BA06033E24CBDA9100459A49 /* Info.plist */ = {isa = PBXFileReference; lastKnownFileType = text.plist.xml; path = Info.plist; sourceTree = "<group>"; };
		BA06034324CBDA9100459A49 /* JourneyPlanUITests.xctest */ = {isa = PBXFileReference; explicitFileType = wrapper.cfbundle; includeInIndex = 0; path = JourneyPlanUITests.xctest; sourceTree = BUILT_PRODUCTS_DIR; };
		BA06034724CBDA9100459A49 /* JourneyPlanUITests.swift */ = {isa = PBXFileReference; lastKnownFileType = sourcecode.swift; path = JourneyPlanUITests.swift; sourceTree = "<group>"; };
		BA06034924CBDA9100459A49 /* Info.plist */ = {isa = PBXFileReference; lastKnownFileType = text.plist.xml; path = Info.plist; sourceTree = "<group>"; };
		BA06035524CBEEB300459A49 /* LocationTableCell.swift */ = {isa = PBXFileReference; lastKnownFileType = sourcecode.swift; path = LocationTableCell.swift; sourceTree = "<group>"; };
		BA06035724CBEEBC00459A49 /* LocationTableCell.xib */ = {isa = PBXFileReference; lastKnownFileType = file.xib; path = LocationTableCell.xib; sourceTree = "<group>"; };
		BA06035924CBEEDC00459A49 /* MainViewModel.swift */ = {isa = PBXFileReference; lastKnownFileType = sourcecode.swift; path = MainViewModel.swift; sourceTree = "<group>"; };
		BA06035B24CBF15300459A49 /* Location.swift */ = {isa = PBXFileReference; lastKnownFileType = sourcecode.swift; path = Location.swift; sourceTree = "<group>"; };
		BA06035D24D2915500459A49 /* GoogleCloudNLPAPI.swift */ = {isa = PBXFileReference; lastKnownFileType = sourcecode.swift; path = GoogleCloudNLPAPI.swift; sourceTree = "<group>"; };
		BA06035F24D298E800459A49 /* Response.swift */ = {isa = PBXFileReference; lastKnownFileType = sourcecode.swift; path = Response.swift; sourceTree = "<group>"; };
		BA06036124D6509400459A49 /* APIKey.swift */ = {isa = PBXFileReference; lastKnownFileType = sourcecode.swift; path = APIKey.swift; sourceTree = "<group>"; };
		C3BE3094E2CD57A4C26450E6 /* Pods-JourneyPlan-JourneyPlanUITests.debug.xcconfig */ = {isa = PBXFileReference; includeInIndex = 1; lastKnownFileType = text.xcconfig; name = "Pods-JourneyPlan-JourneyPlanUITests.debug.xcconfig"; path = "Target Support Files/Pods-JourneyPlan-JourneyPlanUITests/Pods-JourneyPlan-JourneyPlanUITests.debug.xcconfig"; sourceTree = "<group>"; };
		F0195BD2D670701E45F72A84 /* Pods-JourneyPlan-JourneyPlanUITests.release.xcconfig */ = {isa = PBXFileReference; includeInIndex = 1; lastKnownFileType = text.xcconfig; name = "Pods-JourneyPlan-JourneyPlanUITests.release.xcconfig"; path = "Target Support Files/Pods-JourneyPlan-JourneyPlanUITests/Pods-JourneyPlan-JourneyPlanUITests.release.xcconfig"; sourceTree = "<group>"; };
		F4CB939327C80E9FF3BCF8FC /* Pods-JourneyPlan.debug.xcconfig */ = {isa = PBXFileReference; includeInIndex = 1; lastKnownFileType = text.xcconfig; name = "Pods-JourneyPlan.debug.xcconfig"; path = "Target Support Files/Pods-JourneyPlan/Pods-JourneyPlan.debug.xcconfig"; sourceTree = "<group>"; };
/* End PBXFileReference section */

/* Begin PBXFrameworksBuildPhase section */
		BA06031F24CBDA8F00459A49 /* Frameworks */ = {
			isa = PBXFrameworksBuildPhase;
			buildActionMask = 2147483647;
			files = (
				CD8311263896B8E569FC6D76 /* Pods_JourneyPlan.framework in Frameworks */,
			);
			runOnlyForDeploymentPostprocessing = 0;
		};
		BA06033524CBDA9100459A49 /* Frameworks */ = {
			isa = PBXFrameworksBuildPhase;
			buildActionMask = 2147483647;
			files = (
				EC817956DE1700F4D686ACB9 /* Pods_JourneyPlanTests.framework in Frameworks */,
			);
			runOnlyForDeploymentPostprocessing = 0;
		};
		BA06034024CBDA9100459A49 /* Frameworks */ = {
			isa = PBXFrameworksBuildPhase;
			buildActionMask = 2147483647;
			files = (
				9FF2D2B3D1586593FBBD4C46 /* Pods_JourneyPlan_JourneyPlanUITests.framework in Frameworks */,
			);
			runOnlyForDeploymentPostprocessing = 0;
		};
/* End PBXFrameworksBuildPhase section */

/* Begin PBXGroup section */
		395586D470FA29F51398B796 /* Frameworks */ = {
			isa = PBXGroup;
			children = (
				3003E302A5FFC8BCF2B0126E /* Pods_JourneyPlan.framework */,
				5BBA81121403FD4415534222 /* Pods_JourneyPlan_JourneyPlanUITests.framework */,
				14C747F37D13F4C373B83A57 /* Pods_JourneyPlanTests.framework */,
			);
			name = Frameworks;
			sourceTree = "<group>";
		};
		7DA22098D37418389D6F1559 /* Pods */ = {
			isa = PBXGroup;
			children = (
				F4CB939327C80E9FF3BCF8FC /* Pods-JourneyPlan.debug.xcconfig */,
				0C2243A66A60F2420F428F6F /* Pods-JourneyPlan.release.xcconfig */,
				C3BE3094E2CD57A4C26450E6 /* Pods-JourneyPlan-JourneyPlanUITests.debug.xcconfig */,
				F0195BD2D670701E45F72A84 /* Pods-JourneyPlan-JourneyPlanUITests.release.xcconfig */,
				0678B37CDC7BA83120E05AB3 /* Pods-JourneyPlanTests.debug.xcconfig */,
				6026ECD7D461C5BA965D02B5 /* Pods-JourneyPlanTests.release.xcconfig */,
			);
			path = Pods;
			sourceTree = "<group>";
		};
		BA06031924CBDA8F00459A49 = {
			isa = PBXGroup;
			children = (
				BA06032424CBDA8F00459A49 /* JourneyPlan */,
				BA06033B24CBDA9100459A49 /* JourneyPlanTests */,
				BA06034624CBDA9100459A49 /* JourneyPlanUITests */,
				BA06032324CBDA8F00459A49 /* Products */,
				7DA22098D37418389D6F1559 /* Pods */,
				395586D470FA29F51398B796 /* Frameworks */,
			);
			sourceTree = "<group>";
		};
		BA06032324CBDA8F00459A49 /* Products */ = {
			isa = PBXGroup;
			children = (
				BA06032224CBDA8F00459A49 /* JourneyPlan.app */,
				BA06033824CBDA9100459A49 /* JourneyPlanTests.xctest */,
				BA06034324CBDA9100459A49 /* JourneyPlanUITests.xctest */,
			);
			name = Products;
			sourceTree = "<group>";
		};
		BA06032424CBDA8F00459A49 /* JourneyPlan */ = {
			isa = PBXGroup;
			children = (
				BA06032524CBDA8F00459A49 /* AppDelegate.swift */,
				BA06032724CBDA8F00459A49 /* SceneDelegate.swift */,
				BA06032924CBDA8F00459A49 /* ViewController.swift */,
				BA06032B24CBDA8F00459A49 /* Main.storyboard */,
				BA06032E24CBDA9000459A49 /* Assets.xcassets */,
				BA06033024CBDA9000459A49 /* LaunchScreen.storyboard */,
				BA06033324CBDA9000459A49 /* Info.plist */,
				BA06035524CBEEB300459A49 /* LocationTableCell.swift */,
				BA06035724CBEEBC00459A49 /* LocationTableCell.xib */,
				BA06035924CBEEDC00459A49 /* MainViewModel.swift */,
				BA06035B24CBF15300459A49 /* Location.swift */,
				BA06035D24D2915500459A49 /* GoogleCloudNLPAPI.swift */,
				BA06035F24D298E800459A49 /* Response.swift */,
				BA06036124D6509400459A49 /* APIKey.swift */,
			);
			path = JourneyPlan;
			sourceTree = "<group>";
		};
		BA06033B24CBDA9100459A49 /* JourneyPlanTests */ = {
			isa = PBXGroup;
			children = (
				BA06033C24CBDA9100459A49 /* JourneyPlanTests.swift */,
				BA06033E24CBDA9100459A49 /* Info.plist */,
			);
			path = JourneyPlanTests;
			sourceTree = "<group>";
		};
		BA06034624CBDA9100459A49 /* JourneyPlanUITests */ = {
			isa = PBXGroup;
			children = (
				BA06034724CBDA9100459A49 /* JourneyPlanUITests.swift */,
				BA06034924CBDA9100459A49 /* Info.plist */,
			);
			path = JourneyPlanUITests;
			sourceTree = "<group>";
		};
/* End PBXGroup section */

/* Begin PBXNativeTarget section */
		BA06032124CBDA8F00459A49 /* JourneyPlan */ = {
			isa = PBXNativeTarget;
			buildConfigurationList = BA06034C24CBDA9100459A49 /* Build configuration list for PBXNativeTarget "JourneyPlan" */;
			buildPhases = (
				D812F5B427BCFC0772ABE8DB /* [CP] Check Pods Manifest.lock */,
				BA06031E24CBDA8F00459A49 /* Sources */,
				BA06031F24CBDA8F00459A49 /* Frameworks */,
				BA06032024CBDA8F00459A49 /* Resources */,
				5AF880369E2C8B8DF7F7856D /* [CP] Embed Pods Frameworks */,
			);
			buildRules = (
			);
			dependencies = (
			);
			name = JourneyPlan;
			productName = JourneyPlan;
			productReference = BA06032224CBDA8F00459A49 /* JourneyPlan.app */;
			productType = "com.apple.product-type.application";
		};
		BA06033724CBDA9100459A49 /* JourneyPlanTests */ = {
			isa = PBXNativeTarget;
			buildConfigurationList = BA06034F24CBDA9100459A49 /* Build configuration list for PBXNativeTarget "JourneyPlanTests" */;
			buildPhases = (
				2A48D3DDA0EE2A8D2AF30F52 /* [CP] Check Pods Manifest.lock */,
				BA06033424CBDA9100459A49 /* Sources */,
				BA06033524CBDA9100459A49 /* Frameworks */,
				BA06033624CBDA9100459A49 /* Resources */,
			);
			buildRules = (
			);
			dependencies = (
				BA06033A24CBDA9100459A49 /* PBXTargetDependency */,
			);
			name = JourneyPlanTests;
			productName = JourneyPlanTests;
			productReference = BA06033824CBDA9100459A49 /* JourneyPlanTests.xctest */;
			productType = "com.apple.product-type.bundle.unit-test";
		};
		BA06034224CBDA9100459A49 /* JourneyPlanUITests */ = {
			isa = PBXNativeTarget;
			buildConfigurationList = BA06035224CBDA9100459A49 /* Build configuration list for PBXNativeTarget "JourneyPlanUITests" */;
			buildPhases = (
				5F6C39D7448B8B9259AD5318 /* [CP] Check Pods Manifest.lock */,
				BA06033F24CBDA9100459A49 /* Sources */,
				BA06034024CBDA9100459A49 /* Frameworks */,
				BA06034124CBDA9100459A49 /* Resources */,
				3F048D37F4D409D54B3A5299 /* [CP] Embed Pods Frameworks */,
			);
			buildRules = (
			);
			dependencies = (
				BA06034524CBDA9100459A49 /* PBXTargetDependency */,
			);
			name = JourneyPlanUITests;
			productName = JourneyPlanUITests;
			productReference = BA06034324CBDA9100459A49 /* JourneyPlanUITests.xctest */;
			productType = "com.apple.product-type.bundle.ui-testing";
		};
/* End PBXNativeTarget section */

/* Begin PBXProject section */
		BA06031A24CBDA8F00459A49 /* Project object */ = {
			isa = PBXProject;
			attributes = {
				LastSwiftUpdateCheck = 1130;
				LastUpgradeCheck = 1130;
				ORGANIZATIONNAME = "塗木冴";
				TargetAttributes = {
					BA06032124CBDA8F00459A49 = {
						CreatedOnToolsVersion = 11.3;
					};
					BA06033724CBDA9100459A49 = {
						CreatedOnToolsVersion = 11.3;
						TestTargetID = BA06032124CBDA8F00459A49;
					};
					BA06034224CBDA9100459A49 = {
						CreatedOnToolsVersion = 11.3;
						TestTargetID = BA06032124CBDA8F00459A49;
					};
				};
			};
			buildConfigurationList = BA06031D24CBDA8F00459A49 /* Build configuration list for PBXProject "JourneyPlan" */;
			compatibilityVersion = "Xcode 9.3";
			developmentRegion = en;
			hasScannedForEncodings = 0;
			knownRegions = (
				en,
				Base,
			);
			mainGroup = BA06031924CBDA8F00459A49;
			productRefGroup = BA06032324CBDA8F00459A49 /* Products */;
			projectDirPath = "";
			projectRoot = "";
			targets = (
				BA06032124CBDA8F00459A49 /* JourneyPlan */,
				BA06033724CBDA9100459A49 /* JourneyPlanTests */,
				BA06034224CBDA9100459A49 /* JourneyPlanUITests */,
			);
		};
/* End PBXProject section */

/* Begin PBXResourcesBuildPhase section */
		BA06032024CBDA8F00459A49 /* Resources */ = {
			isa = PBXResourcesBuildPhase;
			buildActionMask = 2147483647;
			files = (
				BA06033224CBDA9000459A49 /* LaunchScreen.storyboard in Resources */,
				BA06032F24CBDA9000459A49 /* Assets.xcassets in Resources */,
				BA06032D24CBDA8F00459A49 /* Main.storyboard in Resources */,
				BA06035824CBEEBC00459A49 /* LocationTableCell.xib in Resources */,
			);
			runOnlyForDeploymentPostprocessing = 0;
		};
		BA06033624CBDA9100459A49 /* Resources */ = {
			isa = PBXResourcesBuildPhase;
			buildActionMask = 2147483647;
			files = (
			);
			runOnlyForDeploymentPostprocessing = 0;
		};
		BA06034124CBDA9100459A49 /* Resources */ = {
			isa = PBXResourcesBuildPhase;
			buildActionMask = 2147483647;
			files = (
			);
			runOnlyForDeploymentPostprocessing = 0;
		};
/* End PBXResourcesBuildPhase section */

/* Begin PBXShellScriptBuildPhase section */
		2A48D3DDA0EE2A8D2AF30F52 /* [CP] Check Pods Manifest.lock */ = {
			isa = PBXShellScriptBuildPhase;
			buildActionMask = 2147483647;
			files = (
			);
			inputFileListPaths = (
			);
			inputPaths = (
				"${PODS_PODFILE_DIR_PATH}/Podfile.lock",
				"${PODS_ROOT}/Manifest.lock",
			);
			name = "[CP] Check Pods Manifest.lock";
			outputFileListPaths = (
			);
			outputPaths = (
				"$(DERIVED_FILE_DIR)/Pods-JourneyPlanTests-checkManifestLockResult.txt",
			);
			runOnlyForDeploymentPostprocessing = 0;
			shellPath = /bin/sh;
			shellScript = "diff \"${PODS_PODFILE_DIR_PATH}/Podfile.lock\" \"${PODS_ROOT}/Manifest.lock\" > /dev/null\nif [ $? != 0 ] ; then\n    # print error to STDERR\n    echo \"error: The sandbox is not in sync with the Podfile.lock. Run 'pod install' or update your CocoaPods installation.\" >&2\n    exit 1\nfi\n# This output is used by Xcode 'outputs' to avoid re-running this script phase.\necho \"SUCCESS\" > \"${SCRIPT_OUTPUT_FILE_0}\"\n";
			showEnvVarsInLog = 0;
		};
		3F048D37F4D409D54B3A5299 /* [CP] Embed Pods Frameworks */ = {
			isa = PBXShellScriptBuildPhase;
			buildActionMask = 2147483647;
			files = (
			);
			inputFileListPaths = (
				"${PODS_ROOT}/Target Support Files/Pods-JourneyPlan-JourneyPlanUITests/Pods-JourneyPlan-JourneyPlanUITests-frameworks-${CONFIGURATION}-input-files.xcfilelist",
			);
			name = "[CP] Embed Pods Frameworks";
			outputFileListPaths = (
				"${PODS_ROOT}/Target Support Files/Pods-JourneyPlan-JourneyPlanUITests/Pods-JourneyPlan-JourneyPlanUITests-frameworks-${CONFIGURATION}-output-files.xcfilelist",
			);
			runOnlyForDeploymentPostprocessing = 0;
			shellPath = /bin/sh;
			shellScript = "\"${PODS_ROOT}/Target Support Files/Pods-JourneyPlan-JourneyPlanUITests/Pods-JourneyPlan-JourneyPlanUITests-frameworks.sh\"\n";
			showEnvVarsInLog = 0;
		};
		5AF880369E2C8B8DF7F7856D /* [CP] Embed Pods Frameworks */ = {
			isa = PBXShellScriptBuildPhase;
			buildActionMask = 2147483647;
			files = (
			);
			inputFileListPaths = (
				"${PODS_ROOT}/Target Support Files/Pods-JourneyPlan/Pods-JourneyPlan-frameworks-${CONFIGURATION}-input-files.xcfilelist",
			);
			name = "[CP] Embed Pods Frameworks";
			outputFileListPaths = (
				"${PODS_ROOT}/Target Support Files/Pods-JourneyPlan/Pods-JourneyPlan-frameworks-${CONFIGURATION}-output-files.xcfilelist",
			);
			runOnlyForDeploymentPostprocessing = 0;
			shellPath = /bin/sh;
			shellScript = "\"${PODS_ROOT}/Target Support Files/Pods-JourneyPlan/Pods-JourneyPlan-frameworks.sh\"\n";
			showEnvVarsInLog = 0;
		};
		5F6C39D7448B8B9259AD5318 /* [CP] Check Pods Manifest.lock */ = {
			isa = PBXShellScriptBuildPhase;
			buildActionMask = 2147483647;
			files = (
			);
			inputFileListPaths = (
			);
			inputPaths = (
				"${PODS_PODFILE_DIR_PATH}/Podfile.lock",
				"${PODS_ROOT}/Manifest.lock",
			);
			name = "[CP] Check Pods Manifest.lock";
			outputFileListPaths = (
			);
			outputPaths = (
				"$(DERIVED_FILE_DIR)/Pods-JourneyPlan-JourneyPlanUITests-checkManifestLockResult.txt",
			);
			runOnlyForDeploymentPostprocessing = 0;
			shellPath = /bin/sh;
			shellScript = "diff \"${PODS_PODFILE_DIR_PATH}/Podfile.lock\" \"${PODS_ROOT}/Manifest.lock\" > /dev/null\nif [ $? != 0 ] ; then\n    # print error to STDERR\n    echo \"error: The sandbox is not in sync with the Podfile.lock. Run 'pod install' or update your CocoaPods installation.\" >&2\n    exit 1\nfi\n# This output is used by Xcode 'outputs' to avoid re-running this script phase.\necho \"SUCCESS\" > \"${SCRIPT_OUTPUT_FILE_0}\"\n";
			showEnvVarsInLog = 0;
		};
		D812F5B427BCFC0772ABE8DB /* [CP] Check Pods Manifest.lock */ = {
			isa = PBXShellScriptBuildPhase;
			buildActionMask = 2147483647;
			files = (
			);
			inputFileListPaths = (
			);
			inputPaths = (
				"${PODS_PODFILE_DIR_PATH}/Podfile.lock",
				"${PODS_ROOT}/Manifest.lock",
			);
			name = "[CP] Check Pods Manifest.lock";
			outputFileListPaths = (
			);
			outputPaths = (
				"$(DERIVED_FILE_DIR)/Pods-JourneyPlan-checkManifestLockResult.txt",
			);
			runOnlyForDeploymentPostprocessing = 0;
			shellPath = /bin/sh;
			shellScript = "diff \"${PODS_PODFILE_DIR_PATH}/Podfile.lock\" \"${PODS_ROOT}/Manifest.lock\" > /dev/null\nif [ $? != 0 ] ; then\n    # print error to STDERR\n    echo \"error: The sandbox is not in sync with the Podfile.lock. Run 'pod install' or update your CocoaPods installation.\" >&2\n    exit 1\nfi\n# This output is used by Xcode 'outputs' to avoid re-running this script phase.\necho \"SUCCESS\" > \"${SCRIPT_OUTPUT_FILE_0}\"\n";
			showEnvVarsInLog = 0;
		};
/* End PBXShellScriptBuildPhase section */

/* Begin PBXSourcesBuildPhase section */
		BA06031E24CBDA8F00459A49 /* Sources */ = {
			isa = PBXSourcesBuildPhase;
			buildActionMask = 2147483647;
			files = (
				BA06036024D298E800459A49 /* Response.swift in Sources */,
				BA06035A24CBEEDC00459A49 /* MainViewModel.swift in Sources */,
				BA06032A24CBDA8F00459A49 /* ViewController.swift in Sources */,
				BA06032624CBDA8F00459A49 /* AppDelegate.swift in Sources */,
				BA06035E24D2915500459A49 /* GoogleCloudNLPAPI.swift in Sources */,
				BA06032824CBDA8F00459A49 /* SceneDelegate.swift in Sources */,
				BA06035C24CBF15300459A49 /* Location.swift in Sources */,
				BA06036224D6509400459A49 /* APIKey.swift in Sources */,
				BA06035624CBEEB300459A49 /* LocationTableCell.swift in Sources */,
			);
			runOnlyForDeploymentPostprocessing = 0;
		};
		BA06033424CBDA9100459A49 /* Sources */ = {
			isa = PBXSourcesBuildPhase;
			buildActionMask = 2147483647;
			files = (
				BA06033D24CBDA9100459A49 /* JourneyPlanTests.swift in Sources */,
			);
			runOnlyForDeploymentPostprocessing = 0;
		};
		BA06033F24CBDA9100459A49 /* Sources */ = {
			isa = PBXSourcesBuildPhase;
			buildActionMask = 2147483647;
			files = (
				BA06034824CBDA9100459A49 /* JourneyPlanUITests.swift in Sources */,
			);
			runOnlyForDeploymentPostprocessing = 0;
		};
/* End PBXSourcesBuildPhase section */

/* Begin PBXTargetDependency section */
		BA06033A24CBDA9100459A49 /* PBXTargetDependency */ = {
			isa = PBXTargetDependency;
			target = BA06032124CBDA8F00459A49 /* JourneyPlan */;
			targetProxy = BA06033924CBDA9100459A49 /* PBXContainerItemProxy */;
		};
		BA06034524CBDA9100459A49 /* PBXTargetDependency */ = {
			isa = PBXTargetDependency;
			target = BA06032124CBDA8F00459A49 /* JourneyPlan */;
			targetProxy = BA06034424CBDA9100459A49 /* PBXContainerItemProxy */;
		};
/* End PBXTargetDependency section */

/* Begin PBXVariantGroup section */
		BA06032B24CBDA8F00459A49 /* Main.storyboard */ = {
			isa = PBXVariantGroup;
			children = (
				BA06032C24CBDA8F00459A49 /* Base */,
			);
			name = Main.storyboard;
			sourceTree = "<group>";
		};
		BA06033024CBDA9000459A49 /* LaunchScreen.storyboard */ = {
			isa = PBXVariantGroup;
			children = (
				BA06033124CBDA9000459A49 /* Base */,
			);
			name = LaunchScreen.storyboard;
			sourceTree = "<group>";
		};
/* End PBXVariantGroup section */

/* Begin XCBuildConfiguration section */
		BA06034A24CBDA9100459A49 /* Debug */ = {
			isa = XCBuildConfiguration;
			buildSettings = {
				ALWAYS_SEARCH_USER_PATHS = NO;
				CLANG_ANALYZER_NONNULL = YES;
				CLANG_ANALYZER_NUMBER_OBJECT_CONVERSION = YES_AGGRESSIVE;
				CLANG_CXX_LANGUAGE_STANDARD = "gnu++14";
				CLANG_CXX_LIBRARY = "libc++";
				CLANG_ENABLE_MODULES = YES;
				CLANG_ENABLE_OBJC_ARC = YES;
				CLANG_ENABLE_OBJC_WEAK = YES;
				CLANG_WARN_BLOCK_CAPTURE_AUTORELEASING = YES;
				CLANG_WARN_BOOL_CONVERSION = YES;
				CLANG_WARN_COMMA = YES;
				CLANG_WARN_CONSTANT_CONVERSION = YES;
				CLANG_WARN_DEPRECATED_OBJC_IMPLEMENTATIONS = YES;
				CLANG_WARN_DIRECT_OBJC_ISA_USAGE = YES_ERROR;
				CLANG_WARN_DOCUMENTATION_COMMENTS = YES;
				CLANG_WARN_EMPTY_BODY = YES;
				CLANG_WARN_ENUM_CONVERSION = YES;
				CLANG_WARN_INFINITE_RECURSION = YES;
				CLANG_WARN_INT_CONVERSION = YES;
				CLANG_WARN_NON_LITERAL_NULL_CONVERSION = YES;
				CLANG_WARN_OBJC_IMPLICIT_RETAIN_SELF = YES;
				CLANG_WARN_OBJC_LITERAL_CONVERSION = YES;
				CLANG_WARN_OBJC_ROOT_CLASS = YES_ERROR;
				CLANG_WARN_RANGE_LOOP_ANALYSIS = YES;
				CLANG_WARN_STRICT_PROTOTYPES = YES;
				CLANG_WARN_SUSPICIOUS_MOVE = YES;
				CLANG_WARN_UNGUARDED_AVAILABILITY = YES_AGGRESSIVE;
				CLANG_WARN_UNREACHABLE_CODE = YES;
				CLANG_WARN__DUPLICATE_METHOD_MATCH = YES;
				COPY_PHASE_STRIP = NO;
				DEBUG_INFORMATION_FORMAT = dwarf;
				ENABLE_STRICT_OBJC_MSGSEND = YES;
				ENABLE_TESTABILITY = YES;
				GCC_C_LANGUAGE_STANDARD = gnu11;
				GCC_DYNAMIC_NO_PIC = NO;
				GCC_NO_COMMON_BLOCKS = YES;
				GCC_OPTIMIZATION_LEVEL = 0;
				GCC_PREPROCESSOR_DEFINITIONS = (
					"DEBUG=1",
					"$(inherited)",
				);
				GCC_WARN_64_TO_32_BIT_CONVERSION = YES;
				GCC_WARN_ABOUT_RETURN_TYPE = YES_ERROR;
				GCC_WARN_UNDECLARED_SELECTOR = YES;
				GCC_WARN_UNINITIALIZED_AUTOS = YES_AGGRESSIVE;
				GCC_WARN_UNUSED_FUNCTION = YES;
				GCC_WARN_UNUSED_VARIABLE = YES;
				IPHONEOS_DEPLOYMENT_TARGET = 13.2;
				MTL_ENABLE_DEBUG_INFO = INCLUDE_SOURCE;
				MTL_FAST_MATH = YES;
				ONLY_ACTIVE_ARCH = YES;
				SDKROOT = iphoneos;
				SWIFT_ACTIVE_COMPILATION_CONDITIONS = DEBUG;
				SWIFT_OPTIMIZATION_LEVEL = "-Onone";
			};
			name = Debug;
		};
		BA06034B24CBDA9100459A49 /* Release */ = {
			isa = XCBuildConfiguration;
			buildSettings = {
				ALWAYS_SEARCH_USER_PATHS = NO;
				CLANG_ANALYZER_NONNULL = YES;
				CLANG_ANALYZER_NUMBER_OBJECT_CONVERSION = YES_AGGRESSIVE;
				CLANG_CXX_LANGUAGE_STANDARD = "gnu++14";
				CLANG_CXX_LIBRARY = "libc++";
				CLANG_ENABLE_MODULES = YES;
				CLANG_ENABLE_OBJC_ARC = YES;
				CLANG_ENABLE_OBJC_WEAK = YES;
				CLANG_WARN_BLOCK_CAPTURE_AUTORELEASING = YES;
				CLANG_WARN_BOOL_CONVERSION = YES;
				CLANG_WARN_COMMA = YES;
				CLANG_WARN_CONSTANT_CONVERSION = YES;
				CLANG_WARN_DEPRECATED_OBJC_IMPLEMENTATIONS = YES;
				CLANG_WARN_DIRECT_OBJC_ISA_USAGE = YES_ERROR;
				CLANG_WARN_DOCUMENTATION_COMMENTS = YES;
				CLANG_WARN_EMPTY_BODY = YES;
				CLANG_WARN_ENUM_CONVERSION = YES;
				CLANG_WARN_INFINITE_RECURSION = YES;
				CLANG_WARN_INT_CONVERSION = YES;
				CLANG_WARN_NON_LITERAL_NULL_CONVERSION = YES;
				CLANG_WARN_OBJC_IMPLICIT_RETAIN_SELF = YES;
				CLANG_WARN_OBJC_LITERAL_CONVERSION = YES;
				CLANG_WARN_OBJC_ROOT_CLASS = YES_ERROR;
				CLANG_WARN_RANGE_LOOP_ANALYSIS = YES;
				CLANG_WARN_STRICT_PROTOTYPES = YES;
				CLANG_WARN_SUSPICIOUS_MOVE = YES;
				CLANG_WARN_UNGUARDED_AVAILABILITY = YES_AGGRESSIVE;
				CLANG_WARN_UNREACHABLE_CODE = YES;
				CLANG_WARN__DUPLICATE_METHOD_MATCH = YES;
				COPY_PHASE_STRIP = NO;
				DEBUG_INFORMATION_FORMAT = "dwarf-with-dsym";
				ENABLE_NS_ASSERTIONS = NO;
				ENABLE_STRICT_OBJC_MSGSEND = YES;
				GCC_C_LANGUAGE_STANDARD = gnu11;
				GCC_NO_COMMON_BLOCKS = YES;
				GCC_WARN_64_TO_32_BIT_CONVERSION = YES;
				GCC_WARN_ABOUT_RETURN_TYPE = YES_ERROR;
				GCC_WARN_UNDECLARED_SELECTOR = YES;
				GCC_WARN_UNINITIALIZED_AUTOS = YES_AGGRESSIVE;
				GCC_WARN_UNUSED_FUNCTION = YES;
				GCC_WARN_UNUSED_VARIABLE = YES;
				IPHONEOS_DEPLOYMENT_TARGET = 13.2;
				MTL_ENABLE_DEBUG_INFO = NO;
				MTL_FAST_MATH = YES;
				SDKROOT = iphoneos;
				SWIFT_COMPILATION_MODE = wholemodule;
				SWIFT_OPTIMIZATION_LEVEL = "-O";
				VALIDATE_PRODUCT = YES;
			};
			name = Release;
		};
		BA06034D24CBDA9100459A49 /* Debug */ = {
			isa = XCBuildConfiguration;
			baseConfigurationReference = F4CB939327C80E9FF3BCF8FC /* Pods-JourneyPlan.debug.xcconfig */;
			buildSettings = {
				ASSETCATALOG_COMPILER_APPICON_NAME = AppIcon;
				CODE_SIGN_STYLE = Automatic;
				DEVELOPMENT_TEAM = 679U29FZ6S;
				INFOPLIST_FILE = JourneyPlan/Info.plist;
				LD_RUNPATH_SEARCH_PATHS = (
					"$(inherited)",
					"@executable_path/Frameworks",
				);
				PRODUCT_BUNDLE_IDENTIFIER = saenuruki.JourneyPlan;
				PRODUCT_NAME = "$(TARGET_NAME)";
				SWIFT_VERSION = 5.0;
				TARGETED_DEVICE_FAMILY = "1,2";
			};
			name = Debug;
		};
		BA06034E24CBDA9100459A49 /* Release */ = {
			isa = XCBuildConfiguration;
			baseConfigurationReference = 0C2243A66A60F2420F428F6F /* Pods-JourneyPlan.release.xcconfig */;
			buildSettings = {
				ASSETCATALOG_COMPILER_APPICON_NAME = AppIcon;
				CODE_SIGN_STYLE = Automatic;
				DEVELOPMENT_TEAM = 679U29FZ6S;
				INFOPLIST_FILE = JourneyPlan/Info.plist;
				LD_RUNPATH_SEARCH_PATHS = (
					"$(inherited)",
					"@executable_path/Frameworks",
				);
				PRODUCT_BUNDLE_IDENTIFIER = saenuruki.JourneyPlan;
				PRODUCT_NAME = "$(TARGET_NAME)";
				SWIFT_VERSION = 5.0;
				TARGETED_DEVICE_FAMILY = "1,2";
			};
			name = Release;
		};
		BA06035024CBDA9100459A49 /* Debug */ = {
			isa = XCBuildConfiguration;
			baseConfigurationReference = 0678B37CDC7BA83120E05AB3 /* Pods-JourneyPlanTests.debug.xcconfig */;
			buildSettings = {
				ALWAYS_EMBED_SWIFT_STANDARD_LIBRARIES = YES;
				BUNDLE_LOADER = "$(TEST_HOST)";
				CODE_SIGN_STYLE = Automatic;
				DEVELOPMENT_TEAM = 679U29FZ6S;
				INFOPLIST_FILE = JourneyPlanTests/Info.plist;
				IPHONEOS_DEPLOYMENT_TARGET = 13.2;
				LD_RUNPATH_SEARCH_PATHS = (
					"$(inherited)",
					"@executable_path/Frameworks",
					"@loader_path/Frameworks",
				);
				PRODUCT_BUNDLE_IDENTIFIER = saenuruki.JourneyPlanTests;
				PRODUCT_NAME = "$(TARGET_NAME)";
				SWIFT_VERSION = 5.0;
				TARGETED_DEVICE_FAMILY = "1,2";
				TEST_HOST = "$(BUILT_PRODUCTS_DIR)/JourneyPlan.app/JourneyPlan";
			};
			name = Debug;
		};
		BA06035124CBDA9100459A49 /* Release */ = {
			isa = XCBuildConfiguration;
			baseConfigurationReference = 6026ECD7D461C5BA965D02B5 /* Pods-JourneyPlanTests.release.xcconfig */;
			buildSettings = {
				ALWAYS_EMBED_SWIFT_STANDARD_LIBRARIES = YES;
				BUNDLE_LOADER = "$(TEST_HOST)";
				CODE_SIGN_STYLE = Automatic;
				DEVELOPMENT_TEAM = 679U29FZ6S;
				INFOPLIST_FILE = JourneyPlanTests/Info.plist;
				IPHONEOS_DEPLOYMENT_TARGET = 13.2;
				LD_RUNPATH_SEARCH_PATHS = (
					"$(inherited)",
					"@executable_path/Frameworks",
					"@loader_path/Frameworks",
				);
				PRODUCT_BUNDLE_IDENTIFIER = saenuruki.JourneyPlanTests;
				PRODUCT_NAME = "$(TARGET_NAME)";
				SWIFT_VERSION = 5.0;
				TARGETED_DEVICE_FAMILY = "1,2";
				TEST_HOST = "$(BUILT_PRODUCTS_DIR)/JourneyPlan.app/JourneyPlan";
			};
			name = Release;
		};
		BA06035324CBDA9100459A49 /* Debug */ = {
			isa = XCBuildConfiguration;
			baseConfigurationReference = C3BE3094E2CD57A4C26450E6 /* Pods-JourneyPlan-JourneyPlanUITests.debug.xcconfig */;
			buildSettings = {
				ALWAYS_EMBED_SWIFT_STANDARD_LIBRARIES = YES;
				CODE_SIGN_STYLE = Automatic;
				DEVELOPMENT_TEAM = 679U29FZ6S;
				INFOPLIST_FILE = JourneyPlanUITests/Info.plist;
				LD_RUNPATH_SEARCH_PATHS = (
					"$(inherited)",
					"@executable_path/Frameworks",
					"@loader_path/Frameworks",
				);
				PRODUCT_BUNDLE_IDENTIFIER = saenuruki.JourneyPlanUITests;
				PRODUCT_NAME = "$(TARGET_NAME)";
				SWIFT_VERSION = 5.0;
				TARGETED_DEVICE_FAMILY = "1,2";
				TEST_TARGET_NAME = JourneyPlan;
			};
			name = Debug;
		};
		BA06035424CBDA9100459A49 /* Release */ = {
			isa = XCBuildConfiguration;
			baseConfigurationReference = F0195BD2D670701E45F72A84 /* Pods-JourneyPlan-JourneyPlanUITests.release.xcconfig */;
			buildSettings = {
				ALWAYS_EMBED_SWIFT_STANDARD_LIBRARIES = YES;
				CODE_SIGN_STYLE = Automatic;
				DEVELOPMENT_TEAM = 679U29FZ6S;
				INFOPLIST_FILE = JourneyPlanUITests/Info.plist;
				LD_RUNPATH_SEARCH_PATHS = (
					"$(inherited)",
					"@executable_path/Frameworks",
					"@loader_path/Frameworks",
				);
				PRODUCT_BUNDLE_IDENTIFIER = saenuruki.JourneyPlanUITests;
				PRODUCT_NAME = "$(TARGET_NAME)";
				SWIFT_VERSION = 5.0;
				TARGETED_DEVICE_FAMILY = "1,2";
				TEST_TARGET_NAME = JourneyPlan;
			};
			name = Release;
		};
/* End XCBuildConfiguration section */

/* Begin XCConfigurationList section */
		BA06031D24CBDA8F00459A49 /* Build configuration list for PBXProject "JourneyPlan" */ = {
			isa = XCConfigurationList;
			buildConfigurations = (
				BA06034A24CBDA9100459A49 /* Debug */,
				BA06034B24CBDA9100459A49 /* Release */,
			);
			defaultConfigurationIsVisible = 0;
			defaultConfigurationName = Release;
		};
		BA06034C24CBDA9100459A49 /* Build configuration list for PBXNativeTarget "JourneyPlan" */ = {
			isa = XCConfigurationList;
			buildConfigurations = (
				BA06034D24CBDA9100459A49 /* Debug */,
				BA06034E24CBDA9100459A49 /* Release */,
			);
			defaultConfigurationIsVisible = 0;
			defaultConfigurationName = Release;
		};
		BA06034F24CBDA9100459A49 /* Build configuration list for PBXNativeTarget "JourneyPlanTests" */ = {
			isa = XCConfigurationList;
			buildConfigurations = (
				BA06035024CBDA9100459A49 /* Debug */,
				BA06035124CBDA9100459A49 /* Release */,
			);
			defaultConfigurationIsVisible = 0;
			defaultConfigurationName = Release;
		};
		BA06035224CBDA9100459A49 /* Build configuration list for PBXNativeTarget "JourneyPlanUITests" */ = {
			isa = XCConfigurationList;
			buildConfigurations = (
				BA06035324CBDA9100459A49 /* Debug */,
				BA06035424CBDA9100459A49 /* Release */,
			);
			defaultConfigurationIsVisible = 0;
			defaultConfigurationName = Release;
		};
/* End XCConfigurationList section */
	};
	rootObject = BA06031A24CBDA8F00459A49 /* Project object */;
}
